<?xml version="1.0" encoding="utf-8"?>
<Project ToolsVersion="4.0" xmlns="http://schemas.microsoft.com/developer/msbuild/2003">
  <ItemGroup>
    <Filter Include="Core">
      <UniqueIdentifier>{510f6fbe-e124-4159-b958-4c4ee782c7c1}</UniqueIdentifier>
    </Filter>
    <Filter Include="Graphics">
      <UniqueIdentifier>{0100bad3-77f5-457f-8a01-00d0c179eea8}</UniqueIdentifier>
    </Filter>
    <Filter Include="SceneGraph">
      <UniqueIdentifier>{238afd3c-6036-4bef-b463-48d2fa2c436e}</UniqueIdentifier>
    </Filter>
    <Filter Include="Asset">
      <UniqueIdentifier>{d99e19fb-f14b-4808-922d-0d0fd0d58ab2}</UniqueIdentifier>
    </Filter>
    <Filter Include="Shader">
      <UniqueIdentifier>{5e3e3bfb-3c22-4402-b12d-9de1ea3aaac1}</UniqueIdentifier>
    </Filter>
  </ItemGroup>
  <ItemGroup>
    <ClCompile Include="Asset\AssetImporter.cpp">
      <Filter>Asset</Filter>
    </ClCompile>
    <ClCompile Include="Asset\ModelLoader.cpp">
      <Filter>Asset</Filter>
    </ClCompile>
    <ClCompile Include="Core\GameTimer.cpp">
      <Filter>Core</Filter>
    </ClCompile>
    <ClCompile Include="Core\InputManager.cpp">
      <Filter>Core</Filter>
    </ClCompile>
    <ClCompile Include="Graphics\CommandQueue.cpp">
      <Filter>Graphics</Filter>
    </ClCompile>
    <ClCompile Include="Graphics\DDSTextureLoader.cpp">
      <Filter>Graphics</Filter>
    </ClCompile>
    <ClCompile Include="Graphics\GraphicsDevice.cpp">
      <Filter>Graphics</Filter>
    </ClCompile>
    <ClCompile Include="Graphics\Renderer.cpp">
      <Filter>Graphics</Filter>
    </ClCompile>
    <ClCompile Include="Graphics\ShadowMap.cpp">
      <Filter>Graphics</Filter>
    </ClCompile>
    <ClCompile Include="Graphics\SwapChain.cpp">
      <Filter>Graphics</Filter>
    </ClCompile>
    <ClCompile Include="Graphics\TextureManager.cpp">
      <Filter>Graphics</Filter>
    </ClCompile>
    <ClCompile Include="Graphics\Util.cpp">
      <Filter>Graphics</Filter>
    </ClCompile>
    <ClCompile Include="SceneGraph\Camera.cpp">
      <Filter>SceneGraph</Filter>
    </ClCompile>
    <ClCompile Include="SceneGraph\GameObject.cpp">
      <Filter>SceneGraph</Filter>
    </ClCompile>
    <ClCompile Include="SceneGraph\Scene.cpp">
      <Filter>SceneGraph</Filter>
    </ClCompile>
    <ClCompile Include="SceneGraph\Transform.cpp">
      <Filter>SceneGraph</Filter>
    </ClCompile>
    <ClCompile Include="WinMain.cpp" />
  </ItemGroup>
  <ItemGroup>
    <ClInclude Include="Asset\AssetImporter.h">
      <Filter>Asset</Filter>
    </ClInclude>
    <ClInclude Include="Asset\ModelLoader.h">
      <Filter>Asset</Filter>
    </ClInclude>
    <ClInclude Include="Core\GameTimer.h">
      <Filter>Core</Filter>
    </ClInclude>
    <ClInclude Include="Core\InputManager.h">
      <Filter>Core</Filter>
    </ClInclude>
    <ClInclude Include="Graphics\CommandQueue.h">
      <Filter>Graphics</Filter>
    </ClInclude>
    <ClInclude Include="Graphics\d3dx12.h">
      <Filter>Graphics</Filter>
    </ClInclude>
    <ClInclude Include="Graphics\DDSTextureLoader.h">
      <Filter>Graphics</Filter>
    </ClInclude>
    <ClInclude Include="Graphics\FrameResource.h">
      <Filter>Graphics</Filter>
    </ClInclude>
    <ClInclude Include="Graphics\GraphicsDevice.h">
      <Filter>Graphics</Filter>
    </ClInclude>
    <ClInclude Include="Graphics\RenderItem.h">
      <Filter>Graphics</Filter>
    </ClInclude>
    <ClInclude Include="Graphics\Renderer.h">
      <Filter>Graphics</Filter>
    </ClInclude>
    <ClInclude Include="Graphics\ShadowMap.h">
      <Filter>Graphics</Filter>
    </ClInclude>
    <ClInclude Include="Graphics\SwapChain.h">
      <Filter>Graphics</Filter>
    </ClInclude>
    <ClInclude Include="Graphics\TextureManager.h">
      <Filter>Graphics</Filter>
    </ClInclude>
    <ClInclude Include="Graphics\Util.h">
      <Filter>Graphics</Filter>
    </ClInclude>
    <ClInclude Include="SceneGraph\Camera.h">
      <Filter>SceneGraph</Filter>
    </ClInclude>
    <ClInclude Include="SceneGraph\GameObject.h">
      <Filter>SceneGraph</Filter>
    </ClInclude>
    <ClInclude Include="SceneGraph\Scene.h">
      <Filter>SceneGraph</Filter>
    </ClInclude>
    <ClInclude Include="SceneGraph\Transform.h">
      <Filter>SceneGraph</Filter>
    </ClInclude>
  </ItemGroup>
  <ItemGroup>
    <FxCompile Include="Shader\Default.hlsl">
      <Filter>Shader</Filter>
    </FxCompile>
    <FxCompile Include="Shader\LightingUtils.hlsl">
      <Filter>Shader</Filter>
    </FxCompile>
    <FxCompile Include="Shader\ShadowVS.hlsl">
      <Filter>Shader</Filter>
    </FxCompile>
  </ItemGroup>
</Project>